
Microsoft Visual Studio Solution File, Format Version 12.00
# Visual Studio Version 17
VisualStudioVersion = 17.11.35222.181
MinimumVisualStudioVersion = 10.0.40219.1
Project("{8BC9CEB8-8B4A-11D0-8D11-00A0C91BC942}") = "Task-1", "2024.09.27-HW-2\2024.09.27-HW-2.vcxproj", "{5E466E40-78FD-4E32-896A-A7F717972459}"
EndProject
Project("{8BC9CEB8-8B4A-11D0-8D11-00A0C91BC942}") = "Task-2", "Task-2\Task-2.vcxproj", "{1F578420-A684-4F43-BD59-EFBF681D0158}"
EndProject
Project("{8BC9CEB8-8B4A-11D0-8D11-00A0C91BC942}") = "Task-3", "Task-3\Task-3.vcxproj", "{98656E97-EDFF-4EC6-874E-2B45AA614EEA}"
EndProject
Project("{8BC9CEB8-8B4A-11D0-8D11-00A0C91BC942}") = "Task-4", "Task-4\Task-4.vcxproj", "{37EAD7DE-3B7D-45D0-B54E-C8C085A4A3B3}"
EndProject
Project("{8BC9CEB8-8B4A-11D0-8D11-00A0C91BC942}") = "Task-5", "Task-5\Task-5.vcxproj", "{A74E609B-D59C-4ECC-9444-73C182DE201B}"
EndProject
Project("{8BC9CEB8-8B4A-11D0-8D11-00A0C91BC942}") = "Task-6", "Task-6\Task-6.vcxproj", "{5D5684C2-2928-4CD9-9483-38504B0FF40C}"
EndProject
Project("{8BC9CEB8-8B4A-11D0-8D11-00A0C91BC942}") = "Task-7", "Task-7\Task-7.vcxproj", "{40A51F9B-E7CA-40BD-9A48-A32528823668}"
EndProject
Project("{8BC9CEB8-8B4A-11D0-8D11-00A0C91BC942}") = "Task-8", "Task-8\Task-8.vcxproj", "{27675398-E8AA-4C07-8E2E-6E2FBB122919}"
EndProject
Project("{8BC9CEB8-8B4A-11D0-8D11-00A0C91BC942}") = "Task-9", "Task-9\Task-9.vcxproj", "{9F4DA299-B64A-4BCE-AB4F-96892BAF6688}"
EndProject
Project("{8BC9CEB8-8B4A-11D0-8D11-00A0C91BC942}") = "Task-9+1", "Task-9+1\Task-9+1.vcxproj", "{F48D4E51-04C9-481B-93EF-0E4E1F0CF7CD}"
EndProject
Global
	GlobalSection(SolutionConfigurationPlatforms) = preSolution
		Debug|x64 = Debug|x64
		Debug|x86 = Debug|x86
		Release|x64 = Release|x64
		Release|x86 = Release|x86
	EndGlobalSection
	GlobalSection(ProjectConfigurationPlatforms) = postSolution
		{5E466E40-78FD-4E32-896A-A7F717972459}.Debug|x64.ActiveCfg = Debug|x64
		{5E466E40-78FD-4E32-896A-A7F717972459}.Debug|x64.Build.0 = Debug|x64
		{5E466E40-78FD-4E32-896A-A7F717972459}.Debug|x86.ActiveCfg = Debug|Win32
		{5E466E40-78FD-4E32-896A-A7F717972459}.Debug|x86.Build.0 = Debug|Win32
		{5E466E40-78FD-4E32-896A-A7F717972459}.Release|x64.ActiveCfg = Release|x64
		{5E466E40-78FD-4E32-896A-A7F717972459}.Release|x64.Build.0 = Release|x64
		{5E466E40-78FD-4E32-896A-A7F717972459}.Release|x86.ActiveCfg = Release|Win32
		{5E466E40-78FD-4E32-896A-A7F717972459}.Release|x86.Build.0 = Release|Win32
		{1F578420-A684-4F43-BD59-EFBF681D0158}.Debug|x64.ActiveCfg = Debug|x64
		{1F578420-A684-4F43-BD59-EFBF681D0158}.Debug|x64.Build.0 = Debug|x64
		{1F578420-A684-4F43-BD59-EFBF681D0158}.Debug|x86.ActiveCfg = Debug|Win32
		{1F578420-A684-4F43-BD59-EFBF681D0158}.Debug|x86.Build.0 = Debug|Win32
		{1F578420-A684-4F43-BD59-EFBF681D0158}.Release|x64.ActiveCfg = Release|x64
		{1F578420-A684-4F43-BD59-EFBF681D0158}.Release|x64.Build.0 = Release|x64
		{1F578420-A684-4F43-BD59-EFBF681D0158}.Release|x86.ActiveCfg = Release|Win32
		{1F578420-A684-4F43-BD59-EFBF681D0158}.Release|x86.Build.0 = Release|Win32
		{98656E97-EDFF-4EC6-874E-2B45AA614EEA}.Debug|x64.ActiveCfg = Debug|x64
		{98656E97-EDFF-4EC6-874E-2B45AA614EEA}.Debug|x64.Build.0 = Debug|x64
		{98656E97-EDFF-4EC6-874E-2B45AA614EEA}.Debug|x86.ActiveCfg = Debug|Win32
		{98656E97-EDFF-4EC6-874E-2B45AA614EEA}.Debug|x86.Build.0 = Debug|Win32
		{98656E97-EDFF-4EC6-874E-2B45AA614EEA}.Release|x64.ActiveCfg = Release|x64
		{98656E97-EDFF-4EC6-874E-2B45AA614EEA}.Release|x64.Build.0 = Release|x64
		{98656E97-EDFF-4EC6-874E-2B45AA614EEA}.Release|x86.ActiveCfg = Release|Win32
		{98656E97-EDFF-4EC6-874E-2B45AA614EEA}.Release|x86.Build.0 = Release|Win32
		{37EAD7DE-3B7D-45D0-B54E-C8C085A4A3B3}.Debug|x64.ActiveCfg = Debug|x64
		{37EAD7DE-3B7D-45D0-B54E-C8C085A4A3B3}.Debug|x64.Build.0 = Debug|x64
		{37EAD7DE-3B7D-45D0-B54E-C8C085A4A3B3}.Debug|x86.ActiveCfg = Debug|Win32
		{37EAD7DE-3B7D-45D0-B54E-C8C085A4A3B3}.Debug|x86.Build.0 = Debug|Win32
		{37EAD7DE-3B7D-45D0-B54E-C8C085A4A3B3}.Release|x64.ActiveCfg = Release|x64
		{37EAD7DE-3B7D-45D0-B54E-C8C085A4A3B3}.Release|x64.Build.0 = Release|x64
		{37EAD7DE-3B7D-45D0-B54E-C8C085A4A3B3}.Release|x86.ActiveCfg = Release|Win32
		{37EAD7DE-3B7D-45D0-B54E-C8C085A4A3B3}.Release|x86.Build.0 = Release|Win32
		{A74E609B-D59C-4ECC-9444-73C182DE201B}.Debug|x64.ActiveCfg = Debug|x64
		{A74E609B-D59C-4ECC-9444-73C182DE201B}.Debug|x64.Build.0 = Debug|x64
		{A74E609B-D59C-4ECC-9444-73C182DE201B}.Debug|x86.ActiveCfg = Debug|Win32
		{A74E609B-D59C-4ECC-9444-73C182DE201B}.Debug|x86.Build.0 = Debug|Win32
		{A74E609B-D59C-4ECC-9444-73C182DE201B}.Release|x64.ActiveCfg = Release|x64
		{A74E609B-D59C-4ECC-9444-73C182DE201B}.Release|x64.Build.0 = Release|x64
		{A74E609B-D59C-4ECC-9444-73C182DE201B}.Release|x86.ActiveCfg = Release|Win32
		{A74E609B-D59C-4ECC-9444-73C182DE201B}.Release|x86.Build.0 = Release|Win32
		{5D5684C2-2928-4CD9-9483-38504B0FF40C}.Debug|x64.ActiveCfg = Debug|x64
		{5D5684C2-2928-4CD9-9483-38504B0FF40C}.Debug|x64.Build.0 = Debug|x64
		{5D5684C2-2928-4CD9-9483-38504B0FF40C}.Debug|x86.ActiveCfg = Debug|Win32
		{5D5684C2-2928-4CD9-9483-38504B0FF40C}.Debug|x86.Build.0 = Debug|Win32
		{5D5684C2-2928-4CD9-9483-38504B0FF40C}.Release|x64.ActiveCfg = Release|x64
		{5D5684C2-2928-4CD9-9483-38504B0FF40C}.Release|x64.Build.0 = Release|x64
		{5D5684C2-2928-4CD9-9483-38504B0FF40C}.Release|x86.ActiveCfg = Release|Win32
		{5D5684C2-2928-4CD9-9483-38504B0FF40C}.Release|x86.Build.0 = Release|Win32
		{40A51F9B-E7CA-40BD-9A48-A32528823668}.Debug|x64.ActiveCfg = Debug|x64
		{40A51F9B-E7CA-40BD-9A48-A32528823668}.Debug|x64.Build.0 = Debug|x64
		{40A51F9B-E7CA-40BD-9A48-A32528823668}.Debug|x86.ActiveCfg = Debug|Win32
		{40A51F9B-E7CA-40BD-9A48-A32528823668}.Debug|x86.Build.0 = Debug|Win32
		{40A51F9B-E7CA-40BD-9A48-A32528823668}.Release|x64.ActiveCfg = Release|x64
		{40A51F9B-E7CA-40BD-9A48-A32528823668}.Release|x64.Build.0 = Release|x64
		{40A51F9B-E7CA-40BD-9A48-A32528823668}.Release|x86.ActiveCfg = Release|Win32
		{40A51F9B-E7CA-40BD-9A48-A32528823668}.Release|x86.Build.0 = Release|Win32
		{27675398-E8AA-4C07-8E2E-6E2FBB122919}.Debug|x64.ActiveCfg = Debug|x64
		{27675398-E8AA-4C07-8E2E-6E2FBB122919}.Debug|x64.Build.0 = Debug|x64
		{27675398-E8AA-4C07-8E2E-6E2FBB122919}.Debug|x86.ActiveCfg = Debug|Win32
		{27675398-E8AA-4C07-8E2E-6E2FBB122919}.Debug|x86.Build.0 = Debug|Win32
		{27675398-E8AA-4C07-8E2E-6E2FBB122919}.Release|x64.ActiveCfg = Release|x64
		{27675398-E8AA-4C07-8E2E-6E2FBB122919}.Release|x64.Build.0 = Release|x64
		{27675398-E8AA-4C07-8E2E-6E2FBB122919}.Release|x86.ActiveCfg = Release|Win32
		{27675398-E8AA-4C07-8E2E-6E2FBB122919}.Release|x86.Build.0 = Release|Win32
		{9F4DA299-B64A-4BCE-AB4F-96892BAF6688}.Debug|x64.ActiveCfg = Debug|x64
		{9F4DA299-B64A-4BCE-AB4F-96892BAF6688}.Debug|x64.Build.0 = Debug|x64
		{9F4DA299-B64A-4BCE-AB4F-96892BAF6688}.Debug|x86.ActiveCfg = Debug|Win32
		{9F4DA299-B64A-4BCE-AB4F-96892BAF6688}.Debug|x86.Build.0 = Debug|Win32
		{9F4DA299-B64A-4BCE-AB4F-96892BAF6688}.Release|x64.ActiveCfg = Release|x64
		{9F4DA299-B64A-4BCE-AB4F-96892BAF6688}.Release|x64.Build.0 = Release|x64
		{9F4DA299-B64A-4BCE-AB4F-96892BAF6688}.Release|x86.ActiveCfg = Release|Win32
		{9F4DA299-B64A-4BCE-AB4F-96892BAF6688}.Release|x86.Build.0 = Release|Win32
		{F48D4E51-04C9-481B-93EF-0E4E1F0CF7CD}.Debug|x64.ActiveCfg = Debug|x64
		{F48D4E51-04C9-481B-93EF-0E4E1F0CF7CD}.Debug|x64.Build.0 = Debug|x64
		{F48D4E51-04C9-481B-93EF-0E4E1F0CF7CD}.Debug|x86.ActiveCfg = Debug|Win32
		{F48D4E51-04C9-481B-93EF-0E4E1F0CF7CD}.Debug|x86.Build.0 = Debug|Win32
		{F48D4E51-04C9-481B-93EF-0E4E1F0CF7CD}.Release|x64.ActiveCfg = Release|x64
		{F48D4E51-04C9-481B-93EF-0E4E1F0CF7CD}.Release|x64.Build.0 = Release|x64
		{F48D4E51-04C9-481B-93EF-0E4E1F0CF7CD}.Release|x86.ActiveCfg = Release|Win32
		{F48D4E51-04C9-481B-93EF-0E4E1F0CF7CD}.Release|x86.Build.0 = Release|Win32
	EndGlobalSection
	GlobalSection(SolutionProperties) = preSolution
		HideSolutionNode = FALSE
	EndGlobalSection
	GlobalSection(ExtensibilityGlobals) = postSolution
		SolutionGuid = {0356378B-7AD8-41BF-9856-E3ACE8CA9591}
	EndGlobalSection
EndGlobal
