
Microsoft Visual Studio Solution File, Format Version 12.00
# Visual Studio Version 17
VisualStudioVersion = 17.11.35222.181
MinimumVisualStudioVersion = 10.0.40219.1
Project("{8BC9CEB8-8B4A-11D0-8D11-00A0C91BC942}") = "#1", "#1\#1.vcxproj", "{1EBE1752-D0B3-4A87-A281-FE0351D0D4BF}"
EndProject
Project("{8BC9CEB8-8B4A-11D0-8D11-00A0C91BC942}") = "#2", "#2\#2.vcxproj", "{9DDCBD26-6B32-4EB0-8962-ED0A578BD5DF}"
EndProject
Project("{8BC9CEB8-8B4A-11D0-8D11-00A0C91BC942}") = "#3", "#3\#3.vcxproj", "{53A00A4B-7FCE-41D1-B517-31CAFC4C69CB}"
EndProject
Project("{8BC9CEB8-8B4A-11D0-8D11-00A0C91BC942}") = "#4", "#4\#4.vcxproj", "{B581FBB5-5374-4362-A5F1-6303DEA4170A}"
EndProject
Project("{8BC9CEB8-8B4A-11D0-8D11-00A0C91BC942}") = "#5", "#5\#5.vcxproj", "{BC49A53B-D642-4D1E-BF9A-674F58D67365}"
EndProject
Project("{8BC9CEB8-8B4A-11D0-8D11-00A0C91BC942}") = "#6", "#6\#6.vcxproj", "{79C8F3D5-DD53-4ADF-989A-FF185431D49E}"
EndProject
Project("{8BC9CEB8-8B4A-11D0-8D11-00A0C91BC942}") = "#7", "#7\#7.vcxproj", "{0EC0EA98-AF3F-46C3-825F-4027F94620AF}"
EndProject
Project("{8BC9CEB8-8B4A-11D0-8D11-00A0C91BC942}") = "#9", "#9\#9.vcxproj", "{69E75DE8-82CB-454A-801E-7ABCB3427972}"
EndProject
Project("{8BC9CEB8-8B4A-11D0-8D11-00A0C91BC942}") = "#8", "#8\#8.vcxproj", "{3B61C1E1-E04A-4DD0-BB20-F619AE552D84}"
EndProject
Project("{8BC9CEB8-8B4A-11D0-8D11-00A0C91BC942}") = "#10", "#9+1\#9+1.vcxproj", "{65B27DCF-4F63-4D22-9CAA-6C572F10A919}"
EndProject
Global
	GlobalSection(SolutionConfigurationPlatforms) = preSolution
		Debug|x64 = Debug|x64
		Debug|x86 = Debug|x86
		Release|x64 = Release|x64
		Release|x86 = Release|x86
	EndGlobalSection
	GlobalSection(ProjectConfigurationPlatforms) = postSolution
		{1EBE1752-D0B3-4A87-A281-FE0351D0D4BF}.Debug|x64.ActiveCfg = Debug|x64
		{1EBE1752-D0B3-4A87-A281-FE0351D0D4BF}.Debug|x64.Build.0 = Debug|x64
		{1EBE1752-D0B3-4A87-A281-FE0351D0D4BF}.Debug|x86.ActiveCfg = Debug|Win32
		{1EBE1752-D0B3-4A87-A281-FE0351D0D4BF}.Debug|x86.Build.0 = Debug|Win32
		{1EBE1752-D0B3-4A87-A281-FE0351D0D4BF}.Release|x64.ActiveCfg = Release|x64
		{1EBE1752-D0B3-4A87-A281-FE0351D0D4BF}.Release|x64.Build.0 = Release|x64
		{1EBE1752-D0B3-4A87-A281-FE0351D0D4BF}.Release|x86.ActiveCfg = Release|Win32
		{1EBE1752-D0B3-4A87-A281-FE0351D0D4BF}.Release|x86.Build.0 = Release|Win32
		{9DDCBD26-6B32-4EB0-8962-ED0A578BD5DF}.Debug|x64.ActiveCfg = Debug|x64
		{9DDCBD26-6B32-4EB0-8962-ED0A578BD5DF}.Debug|x64.Build.0 = Debug|x64
		{9DDCBD26-6B32-4EB0-8962-ED0A578BD5DF}.Debug|x86.ActiveCfg = Debug|Win32
		{9DDCBD26-6B32-4EB0-8962-ED0A578BD5DF}.Debug|x86.Build.0 = Debug|Win32
		{9DDCBD26-6B32-4EB0-8962-ED0A578BD5DF}.Release|x64.ActiveCfg = Release|x64
		{9DDCBD26-6B32-4EB0-8962-ED0A578BD5DF}.Release|x64.Build.0 = Release|x64
		{9DDCBD26-6B32-4EB0-8962-ED0A578BD5DF}.Release|x86.ActiveCfg = Release|Win32
		{9DDCBD26-6B32-4EB0-8962-ED0A578BD5DF}.Release|x86.Build.0 = Release|Win32
		{53A00A4B-7FCE-41D1-B517-31CAFC4C69CB}.Debug|x64.ActiveCfg = Debug|x64
		{53A00A4B-7FCE-41D1-B517-31CAFC4C69CB}.Debug|x64.Build.0 = Debug|x64
		{53A00A4B-7FCE-41D1-B517-31CAFC4C69CB}.Debug|x86.ActiveCfg = Debug|Win32
		{53A00A4B-7FCE-41D1-B517-31CAFC4C69CB}.Debug|x86.Build.0 = Debug|Win32
		{53A00A4B-7FCE-41D1-B517-31CAFC4C69CB}.Release|x64.ActiveCfg = Release|x64
		{53A00A4B-7FCE-41D1-B517-31CAFC4C69CB}.Release|x64.Build.0 = Release|x64
		{53A00A4B-7FCE-41D1-B517-31CAFC4C69CB}.Release|x86.ActiveCfg = Release|Win32
		{53A00A4B-7FCE-41D1-B517-31CAFC4C69CB}.Release|x86.Build.0 = Release|Win32
		{B581FBB5-5374-4362-A5F1-6303DEA4170A}.Debug|x64.ActiveCfg = Debug|x64
		{B581FBB5-5374-4362-A5F1-6303DEA4170A}.Debug|x64.Build.0 = Debug|x64
		{B581FBB5-5374-4362-A5F1-6303DEA4170A}.Debug|x86.ActiveCfg = Debug|Win32
		{B581FBB5-5374-4362-A5F1-6303DEA4170A}.Debug|x86.Build.0 = Debug|Win32
		{B581FBB5-5374-4362-A5F1-6303DEA4170A}.Release|x64.ActiveCfg = Release|x64
		{B581FBB5-5374-4362-A5F1-6303DEA4170A}.Release|x64.Build.0 = Release|x64
		{B581FBB5-5374-4362-A5F1-6303DEA4170A}.Release|x86.ActiveCfg = Release|Win32
		{B581FBB5-5374-4362-A5F1-6303DEA4170A}.Release|x86.Build.0 = Release|Win32
		{BC49A53B-D642-4D1E-BF9A-674F58D67365}.Debug|x64.ActiveCfg = Debug|x64
		{BC49A53B-D642-4D1E-BF9A-674F58D67365}.Debug|x64.Build.0 = Debug|x64
		{BC49A53B-D642-4D1E-BF9A-674F58D67365}.Debug|x86.ActiveCfg = Debug|Win32
		{BC49A53B-D642-4D1E-BF9A-674F58D67365}.Debug|x86.Build.0 = Debug|Win32
		{BC49A53B-D642-4D1E-BF9A-674F58D67365}.Release|x64.ActiveCfg = Release|x64
		{BC49A53B-D642-4D1E-BF9A-674F58D67365}.Release|x64.Build.0 = Release|x64
		{BC49A53B-D642-4D1E-BF9A-674F58D67365}.Release|x86.ActiveCfg = Release|Win32
		{BC49A53B-D642-4D1E-BF9A-674F58D67365}.Release|x86.Build.0 = Release|Win32
		{79C8F3D5-DD53-4ADF-989A-FF185431D49E}.Debug|x64.ActiveCfg = Debug|x64
		{79C8F3D5-DD53-4ADF-989A-FF185431D49E}.Debug|x64.Build.0 = Debug|x64
		{79C8F3D5-DD53-4ADF-989A-FF185431D49E}.Debug|x86.ActiveCfg = Debug|Win32
		{79C8F3D5-DD53-4ADF-989A-FF185431D49E}.Debug|x86.Build.0 = Debug|Win32
		{79C8F3D5-DD53-4ADF-989A-FF185431D49E}.Release|x64.ActiveCfg = Release|x64
		{79C8F3D5-DD53-4ADF-989A-FF185431D49E}.Release|x64.Build.0 = Release|x64
		{79C8F3D5-DD53-4ADF-989A-FF185431D49E}.Release|x86.ActiveCfg = Release|Win32
		{79C8F3D5-DD53-4ADF-989A-FF185431D49E}.Release|x86.Build.0 = Release|Win32
		{0EC0EA98-AF3F-46C3-825F-4027F94620AF}.Debug|x64.ActiveCfg = Debug|x64
		{0EC0EA98-AF3F-46C3-825F-4027F94620AF}.Debug|x64.Build.0 = Debug|x64
		{0EC0EA98-AF3F-46C3-825F-4027F94620AF}.Debug|x86.ActiveCfg = Debug|Win32
		{0EC0EA98-AF3F-46C3-825F-4027F94620AF}.Debug|x86.Build.0 = Debug|Win32
		{0EC0EA98-AF3F-46C3-825F-4027F94620AF}.Release|x64.ActiveCfg = Release|x64
		{0EC0EA98-AF3F-46C3-825F-4027F94620AF}.Release|x64.Build.0 = Release|x64
		{0EC0EA98-AF3F-46C3-825F-4027F94620AF}.Release|x86.ActiveCfg = Release|Win32
		{0EC0EA98-AF3F-46C3-825F-4027F94620AF}.Release|x86.Build.0 = Release|Win32
		{69E75DE8-82CB-454A-801E-7ABCB3427972}.Debug|x64.ActiveCfg = Debug|x64
		{69E75DE8-82CB-454A-801E-7ABCB3427972}.Debug|x64.Build.0 = Debug|x64
		{69E75DE8-82CB-454A-801E-7ABCB3427972}.Debug|x86.ActiveCfg = Debug|Win32
		{69E75DE8-82CB-454A-801E-7ABCB3427972}.Debug|x86.Build.0 = Debug|Win32
		{69E75DE8-82CB-454A-801E-7ABCB3427972}.Release|x64.ActiveCfg = Release|x64
		{69E75DE8-82CB-454A-801E-7ABCB3427972}.Release|x64.Build.0 = Release|x64
		{69E75DE8-82CB-454A-801E-7ABCB3427972}.Release|x86.ActiveCfg = Release|Win32
		{69E75DE8-82CB-454A-801E-7ABCB3427972}.Release|x86.Build.0 = Release|Win32
		{3B61C1E1-E04A-4DD0-BB20-F619AE552D84}.Debug|x64.ActiveCfg = Debug|x64
		{3B61C1E1-E04A-4DD0-BB20-F619AE552D84}.Debug|x64.Build.0 = Debug|x64
		{3B61C1E1-E04A-4DD0-BB20-F619AE552D84}.Debug|x86.ActiveCfg = Debug|Win32
		{3B61C1E1-E04A-4DD0-BB20-F619AE552D84}.Debug|x86.Build.0 = Debug|Win32
		{3B61C1E1-E04A-4DD0-BB20-F619AE552D84}.Release|x64.ActiveCfg = Release|x64
		{3B61C1E1-E04A-4DD0-BB20-F619AE552D84}.Release|x64.Build.0 = Release|x64
		{3B61C1E1-E04A-4DD0-BB20-F619AE552D84}.Release|x86.ActiveCfg = Release|Win32
		{3B61C1E1-E04A-4DD0-BB20-F619AE552D84}.Release|x86.Build.0 = Release|Win32
		{65B27DCF-4F63-4D22-9CAA-6C572F10A919}.Debug|x64.ActiveCfg = Debug|x64
		{65B27DCF-4F63-4D22-9CAA-6C572F10A919}.Debug|x64.Build.0 = Debug|x64
		{65B27DCF-4F63-4D22-9CAA-6C572F10A919}.Debug|x86.ActiveCfg = Debug|Win32
		{65B27DCF-4F63-4D22-9CAA-6C572F10A919}.Debug|x86.Build.0 = Debug|Win32
		{65B27DCF-4F63-4D22-9CAA-6C572F10A919}.Release|x64.ActiveCfg = Release|x64
		{65B27DCF-4F63-4D22-9CAA-6C572F10A919}.Release|x64.Build.0 = Release|x64
		{65B27DCF-4F63-4D22-9CAA-6C572F10A919}.Release|x86.ActiveCfg = Release|Win32
		{65B27DCF-4F63-4D22-9CAA-6C572F10A919}.Release|x86.Build.0 = Release|Win32
	EndGlobalSection
	GlobalSection(SolutionProperties) = preSolution
		HideSolutionNode = FALSE
	EndGlobalSection
	GlobalSection(ExtensibilityGlobals) = postSolution
		SolutionGuid = {D36CE190-ADC5-4275-92A5-BD08E02DAA50}
	EndGlobalSection
EndGlobal
